// !$*UTF8*$!
{
	archiveVersion = 1;
	classes = {
	};
	objectVersion = 52;
	objects = {

/* Begin PBXBuildFile section */
		9402132F2550C148000C1F0D /* CreateHypedEventView.swift in Sources */ = {isa = PBXBuildFile; fileRef = 9402132E2550C148000C1F0D /* CreateHypedEventView.swift */; };
		940213322550C222000C1F0D /* HypedEvent.swift in Sources */ = {isa = PBXBuildFile; fileRef = 940213312550C222000C1F0D /* HypedEvent.swift */; };
		940213352550C7D5000C1F0D /* FormLabelView.swift in Sources */ = {isa = PBXBuildFile; fileRef = 940213342550C7D5000C1F0D /* FormLabelView.swift */; };
		94460C70256EEC8F00C74BF0 /* UIColor_Hex_Swift in Frameworks */ = {isa = PBXBuildFile; productRef = 94460C6F256EEC8F00C74BF0 /* UIColor_Hex_Swift */; };
		945456B52598214200915268 /* HypedEventListView.swift in Sources */ = {isa = PBXBuildFile; fileRef = 945456B42598214200915268 /* HypedEventListView.swift */; };
		94752CB125C8A49D00AF9010 /* WidgetKit.framework in Frameworks */ = {isa = PBXBuildFile; fileRef = 94752CB025C8A49D00AF9010 /* WidgetKit.framework */; };
		94752CB325C8A49D00AF9010 /* SwiftUI.framework in Frameworks */ = {isa = PBXBuildFile; fileRef = 94752CB225C8A49D00AF9010 /* SwiftUI.framework */; };
		94752CB625C8A49D00AF9010 /* Hyped_List_iOS_Widget.swift in Sources */ = {isa = PBXBuildFile; fileRef = 94752CB525C8A49D00AF9010 /* Hyped_List_iOS_Widget.swift */; };
		94752CB825C8A49E00AF9010 /* Assets.xcassets in Resources */ = {isa = PBXBuildFile; fileRef = 94752CB725C8A49E00AF9010 /* Assets.xcassets */; };
		94752CBC25C8A49E00AF9010 /* Hyped List iOS WidgetExtension.appex in Embed App Extensions */ = {isa = PBXBuildFile; fileRef = 94752CAE25C8A49D00AF9010 /* Hyped List iOS WidgetExtension.appex */; settings = {ATTRIBUTES = (RemoveHeadersOnCopy, ); }; };
		94752CC325C8A61A00AF9010 /* HypedEvent.swift in Sources */ = {isa = PBXBuildFile; fileRef = 940213312550C222000C1F0D /* HypedEvent.swift */; };
		94752CC625C8A6D900AF9010 /* DataController.swift in Sources */ = {isa = PBXBuildFile; fileRef = 94AE1EA8255C957800745352 /* DataController.swift */; };
		94752CCA25C8A71B00AF9010 /* SwiftDate in Frameworks */ = {isa = PBXBuildFile; productRef = 94752CC925C8A71B00AF9010 /* SwiftDate */; };
		94752CCC25C8A71F00AF9010 /* UIColor_Hex_Swift in Frameworks */ = {isa = PBXBuildFile; productRef = 94752CCB25C8A71F00AF9010 /* UIColor_Hex_Swift */; };
		949BE1C025982643009083EC /* PastView.swift in Sources */ = {isa = PBXBuildFile; fileRef = 949BE1BF25982643009083EC /* PastView.swift */; };
		949BE1C525A121E3009083EC /* DiscoverView.swift in Sources */ = {isa = PBXBuildFile; fileRef = 949BE1C425A121E3009083EC /* DiscoverView.swift */; };
		94A3740F254F7B120054AF56 /* Hyped_ListApp.swift in Sources */ = {isa = PBXBuildFile; fileRef = 94A3740E254F7B120054AF56 /* Hyped_ListApp.swift */; };
		94A37411254F7B120054AF56 /* HypedListTabView.swift in Sources */ = {isa = PBXBuildFile; fileRef = 94A37410254F7B120054AF56 /* HypedListTabView.swift */; };
		94A37413254F7B150054AF56 /* Assets.xcassets in Resources */ = {isa = PBXBuildFile; fileRef = 94A37412254F7B150054AF56 /* Assets.xcassets */; };
		94A37416254F7B150054AF56 /* Preview Assets.xcassets in Resources */ = {isa = PBXBuildFile; fileRef = 94A37415254F7B150054AF56 /* Preview Assets.xcassets */; };
		94A37420254F7C4E0054AF56 /* UpcomingView.swift in Sources */ = {isa = PBXBuildFile; fileRef = 94A3741F254F7C4E0054AF56 /* UpcomingView.swift */; };
		94AE1EA2255C842700745352 /* HypedEventTileView.swift in Sources */ = {isa = PBXBuildFile; fileRef = 94AE1EA1255C842700745352 /* HypedEventTileView.swift */; };
		94AE1EA6255C936D00745352 /* SwiftDate in Frameworks */ = {isa = PBXBuildFile; productRef = 94AE1EA5255C936D00745352 /* SwiftDate */; };
		94AE1EA9255C957800745352 /* DataController.swift in Sources */ = {isa = PBXBuildFile; fileRef = 94AE1EA8255C957800745352 /* DataController.swift */; };
		94D48D1D2552F5D90021DE0F /* ImagePicker.swift in Sources */ = {isa = PBXBuildFile; fileRef = 94D48D1C2552F5D90021DE0F /* ImagePicker.swift */; };
		94EE184B25C23F830066AFF3 /* HypedEventDetailView.swift in Sources */ = {isa = PBXBuildFile; fileRef = 94EE184A25C23F830066AFF3 /* HypedEventDetailView.swift */; };
/* End PBXBuildFile section */

/* Begin PBXContainerItemProxy section */
		94752CBA25C8A49E00AF9010 /* PBXContainerItemProxy */ = {
			isa = PBXContainerItemProxy;
			containerPortal = 94A37403254F7B120054AF56 /* Project object */;
			proxyType = 1;
			remoteGlobalIDString = 94752CAD25C8A49D00AF9010;
			remoteInfo = "Hyped List iOS WidgetExtension";
		};
/* End PBXContainerItemProxy section */

/* Begin PBXCopyFilesBuildPhase section */
		94752CC025C8A49E00AF9010 /* Embed App Extensions */ = {
			isa = PBXCopyFilesBuildPhase;
			buildActionMask = 2147483647;
			dstPath = "";
			dstSubfolderSpec = 13;
			files = (
				94752CBC25C8A49E00AF9010 /* Hyped List iOS WidgetExtension.appex in Embed App Extensions */,
			);
			name = "Embed App Extensions";
			runOnlyForDeploymentPostprocessing = 0;
		};
/* End PBXCopyFilesBuildPhase section */

/* Begin PBXFileReference section */
		9402132E2550C148000C1F0D /* CreateHypedEventView.swift */ = {isa = PBXFileReference; lastKnownFileType = sourcecode.swift; path = CreateHypedEventView.swift; sourceTree = "<group>"; };
		940213312550C222000C1F0D /* HypedEvent.swift */ = {isa = PBXFileReference; lastKnownFileType = sourcecode.swift; path = HypedEvent.swift; sourceTree = "<group>"; };
		940213342550C7D5000C1F0D /* FormLabelView.swift */ = {isa = PBXFileReference; lastKnownFileType = sourcecode.swift; path = FormLabelView.swift; sourceTree = "<group>"; };
		945456B42598214200915268 /* HypedEventListView.swift */ = {isa = PBXFileReference; lastKnownFileType = sourcecode.swift; path = HypedEventListView.swift; sourceTree = "<group>"; };
		94752CAE25C8A49D00AF9010 /* Hyped List iOS WidgetExtension.appex */ = {isa = PBXFileReference; explicitFileType = "wrapper.app-extension"; includeInIndex = 0; path = "Hyped List iOS WidgetExtension.appex"; sourceTree = BUILT_PRODUCTS_DIR; };
		94752CB025C8A49D00AF9010 /* WidgetKit.framework */ = {isa = PBXFileReference; lastKnownFileType = wrapper.framework; name = WidgetKit.framework; path = System/Library/Frameworks/WidgetKit.framework; sourceTree = SDKROOT; };
		94752CB225C8A49D00AF9010 /* SwiftUI.framework */ = {isa = PBXFileReference; lastKnownFileType = wrapper.framework; name = SwiftUI.framework; path = System/Library/Frameworks/SwiftUI.framework; sourceTree = SDKROOT; };
		94752CB525C8A49D00AF9010 /* Hyped_List_iOS_Widget.swift */ = {isa = PBXFileReference; lastKnownFileType = sourcecode.swift; path = Hyped_List_iOS_Widget.swift; sourceTree = "<group>"; };
		94752CB725C8A49E00AF9010 /* Assets.xcassets */ = {isa = PBXFileReference; lastKnownFileType = folder.assetcatalog; path = Assets.xcassets; sourceTree = "<group>"; };
		94752CB925C8A49E00AF9010 /* Info.plist */ = {isa = PBXFileReference; lastKnownFileType = text.plist.xml; path = Info.plist; sourceTree = "<group>"; };
		949BE1BF25982643009083EC /* PastView.swift */ = {isa = PBXFileReference; lastKnownFileType = sourcecode.swift; path = PastView.swift; sourceTree = "<group>"; };
		949BE1C425A121E3009083EC /* DiscoverView.swift */ = {isa = PBXFileReference; lastKnownFileType = sourcecode.swift; path = DiscoverView.swift; sourceTree = "<group>"; };
		94A3740B254F7B120054AF56 /* Hyped List iOS.app */ = {isa = PBXFileReference; explicitFileType = wrapper.application; includeInIndex = 0; path = "Hyped List iOS.app"; sourceTree = BUILT_PRODUCTS_DIR; };
		94A3740E254F7B120054AF56 /* Hyped_ListApp.swift */ = {isa = PBXFileReference; lastKnownFileType = sourcecode.swift; path = Hyped_ListApp.swift; sourceTree = "<group>"; };
		94A37410254F7B120054AF56 /* HypedListTabView.swift */ = {isa = PBXFileReference; lastKnownFileType = sourcecode.swift; path = HypedListTabView.swift; sourceTree = "<group>"; };
		94A37412254F7B150054AF56 /* Assets.xcassets */ = {isa = PBXFileReference; lastKnownFileType = folder.assetcatalog; path = Assets.xcassets; sourceTree = "<group>"; };
		94A37415254F7B150054AF56 /* Preview Assets.xcassets */ = {isa = PBXFileReference; lastKnownFileType = folder.assetcatalog; path = "Preview Assets.xcassets"; sourceTree = "<group>"; };
		94A37417254F7B150054AF56 /* Info.plist */ = {isa = PBXFileReference; lastKnownFileType = text.plist.xml; path = Info.plist; sourceTree = "<group>"; };
		94A3741F254F7C4E0054AF56 /* UpcomingView.swift */ = {isa = PBXFileReference; lastKnownFileType = sourcecode.swift; path = UpcomingView.swift; sourceTree = "<group>"; };
		94AE1EA1255C842700745352 /* HypedEventTileView.swift */ = {isa = PBXFileReference; lastKnownFileType = sourcecode.swift; path = HypedEventTileView.swift; sourceTree = "<group>"; };
		94AE1EA8255C957800745352 /* DataController.swift */ = {isa = PBXFileReference; lastKnownFileType = sourcecode.swift; path = DataController.swift; sourceTree = "<group>"; };
		94D48D1C2552F5D90021DE0F /* ImagePicker.swift */ = {isa = PBXFileReference; lastKnownFileType = sourcecode.swift; path = ImagePicker.swift; sourceTree = "<group>"; };
		94EE184A25C23F830066AFF3 /* HypedEventDetailView.swift */ = {isa = PBXFileReference; lastKnownFileType = sourcecode.swift; path = HypedEventDetailView.swift; sourceTree = "<group>"; };
/* End PBXFileReference section */

/* Begin PBXFrameworksBuildPhase section */
		94752CAB25C8A49D00AF9010 /* Frameworks */ = {
			isa = PBXFrameworksBuildPhase;
			buildActionMask = 2147483647;
			files = (
				94752CB325C8A49D00AF9010 /* SwiftUI.framework in Frameworks */,
				94752CB125C8A49D00AF9010 /* WidgetKit.framework in Frameworks */,
				94752CCC25C8A71F00AF9010 /* UIColor_Hex_Swift in Frameworks */,
				94752CCA25C8A71B00AF9010 /* SwiftDate in Frameworks */,
			);
			runOnlyForDeploymentPostprocessing = 0;
		};
		94A37408254F7B120054AF56 /* Frameworks */ = {
			isa = PBXFrameworksBuildPhase;
			buildActionMask = 2147483647;
			files = (
				94460C70256EEC8F00C74BF0 /* UIColor_Hex_Swift in Frameworks */,
				94AE1EA6255C936D00745352 /* SwiftDate in Frameworks */,
			);
			runOnlyForDeploymentPostprocessing = 0;
		};
/* End PBXFrameworksBuildPhase section */

/* Begin PBXGroup section */
		94460C6B256EEA6200C74BF0 /* Data */ = {
			isa = PBXGroup;
			children = (
				94AE1EA8255C957800745352 /* DataController.swift */,
				940213312550C222000C1F0D /* HypedEvent.swift */,
			);
			path = Data;
			sourceTree = "<group>";
		};
		94460C6C256EEA7400C74BF0 /* Views */ = {
			isa = PBXGroup;
			children = (
				945456B42598214200915268 /* HypedEventListView.swift */,
				9402132E2550C148000C1F0D /* CreateHypedEventView.swift */,
				94AE1EA1255C842700745352 /* HypedEventTileView.swift */,
				94D48D1C2552F5D90021DE0F /* ImagePicker.swift */,
				940213342550C7D5000C1F0D /* FormLabelView.swift */,
				94A3741F254F7C4E0054AF56 /* UpcomingView.swift */,
				949BE1BF25982643009083EC /* PastView.swift */,
				949BE1C425A121E3009083EC /* DiscoverView.swift */,
				94EE184A25C23F830066AFF3 /* HypedEventDetailView.swift */,
			);
			path = Views;
			sourceTree = "<group>";
		};
		94752CAF25C8A49D00AF9010 /* Frameworks */ = {
			isa = PBXGroup;
			children = (
				94752CB025C8A49D00AF9010 /* WidgetKit.framework */,
				94752CB225C8A49D00AF9010 /* SwiftUI.framework */,
			);
			name = Frameworks;
			sourceTree = "<group>";
		};
		94752CB425C8A49D00AF9010 /* Hyped List iOS Widget */ = {
			isa = PBXGroup;
			children = (
				94752CB525C8A49D00AF9010 /* Hyped_List_iOS_Widget.swift */,
				94752CB725C8A49E00AF9010 /* Assets.xcassets */,
				94752CB925C8A49E00AF9010 /* Info.plist */,
			);
			path = "Hyped List iOS Widget";
			sourceTree = "<group>";
		};
		94A37402254F7B120054AF56 = {
			isa = PBXGroup;
			children = (
				94A3740D254F7B120054AF56 /* Hyped List */,
				94752CB425C8A49D00AF9010 /* Hyped List iOS Widget */,
				94752CAF25C8A49D00AF9010 /* Frameworks */,
				94A3740C254F7B120054AF56 /* Products */,
			);
			sourceTree = "<group>";
		};
		94A3740C254F7B120054AF56 /* Products */ = {
			isa = PBXGroup;
			children = (
				94A3740B254F7B120054AF56 /* Hyped List iOS.app */,
				94752CAE25C8A49D00AF9010 /* Hyped List iOS WidgetExtension.appex */,
			);
			name = Products;
			sourceTree = "<group>";
		};
		94A3740D254F7B120054AF56 /* Hyped List */ = {
			isa = PBXGroup;
			children = (
				94A3740E254F7B120054AF56 /* Hyped_ListApp.swift */,
				94A37410254F7B120054AF56 /* HypedListTabView.swift */,
				94460C6C256EEA7400C74BF0 /* Views */,
				94460C6B256EEA6200C74BF0 /* Data */,
				94A37412254F7B150054AF56 /* Assets.xcassets */,
				94A37417254F7B150054AF56 /* Info.plist */,
				94A37414254F7B150054AF56 /* Preview Content */,
			);
			path = "Hyped List";
			sourceTree = "<group>";
		};
		94A37414254F7B150054AF56 /* Preview Content */ = {
			isa = PBXGroup;
			children = (
				94A37415254F7B150054AF56 /* Preview Assets.xcassets */,
			);
			path = "Preview Content";
			sourceTree = "<group>";
		};
/* End PBXGroup section */

/* Begin PBXNativeTarget section */
		94752CAD25C8A49D00AF9010 /* Hyped List iOS WidgetExtension */ = {
			isa = PBXNativeTarget;
			buildConfigurationList = 94752CBD25C8A49E00AF9010 /* Build configuration list for PBXNativeTarget "Hyped List iOS WidgetExtension" */;
			buildPhases = (
				94752CAA25C8A49D00AF9010 /* Sources */,
				94752CAB25C8A49D00AF9010 /* Frameworks */,
				94752CAC25C8A49D00AF9010 /* Resources */,
			);
			buildRules = (
			);
			dependencies = (
			);
			name = "Hyped List iOS WidgetExtension";
			packageProductDependencies = (
				94752CC925C8A71B00AF9010 /* SwiftDate */,
				94752CCB25C8A71F00AF9010 /* UIColor_Hex_Swift */,
			);
			productName = "Hyped List iOS WidgetExtension";
			productReference = 94752CAE25C8A49D00AF9010 /* Hyped List iOS WidgetExtension.appex */;
			productType = "com.apple.product-type.app-extension";
		};
		94A3740A254F7B120054AF56 /* Hyped List iOS */ = {
			isa = PBXNativeTarget;
			buildConfigurationList = 94A3741A254F7B150054AF56 /* Build configuration list for PBXNativeTarget "Hyped List iOS" */;
			buildPhases = (
				94A37407254F7B120054AF56 /* Sources */,
				94A37408254F7B120054AF56 /* Frameworks */,
				94A37409254F7B120054AF56 /* Resources */,
				94752CC025C8A49E00AF9010 /* Embed App Extensions */,
			);
			buildRules = (
			);
			dependencies = (
				94752CBB25C8A49E00AF9010 /* PBXTargetDependency */,
			);
			name = "Hyped List iOS";
			packageProductDependencies = (
				94AE1EA5255C936D00745352 /* SwiftDate */,
				94460C6F256EEC8F00C74BF0 /* UIColor_Hex_Swift */,
			);
			productName = "Hyped List";
			productReference = 94A3740B254F7B120054AF56 /* Hyped List iOS.app */;
			productType = "com.apple.product-type.application";
		};
/* End PBXNativeTarget section */

/* Begin PBXProject section */
		94A37403254F7B120054AF56 /* Project object */ = {
			isa = PBXProject;
			attributes = {
				LastSwiftUpdateCheck = 1240;
				LastUpgradeCheck = 1210;
				TargetAttributes = {
					94752CAD25C8A49D00AF9010 = {
						CreatedOnToolsVersion = 12.4;
					};
					94A3740A254F7B120054AF56 = {
						CreatedOnToolsVersion = 12.1;
					};
				};
			};
			buildConfigurationList = 94A37406254F7B120054AF56 /* Build configuration list for PBXProject "Hyped List" */;
			compatibilityVersion = "Xcode 9.3";
			developmentRegion = en;
			hasScannedForEncodings = 0;
			knownRegions = (
				en,
				Base,
			);
			mainGroup = 94A37402254F7B120054AF56;
			packageReferences = (
				94AE1EA4255C936D00745352 /* XCRemoteSwiftPackageReference "SwiftDate" */,
				94460C6E256EEC8F00C74BF0 /* XCRemoteSwiftPackageReference "UIColor-Hex-Swift" */,
			);
			productRefGroup = 94A3740C254F7B120054AF56 /* Products */;
			projectDirPath = "";
			projectRoot = "";
			targets = (
				94A3740A254F7B120054AF56 /* Hyped List iOS */,
				94752CAD25C8A49D00AF9010 /* Hyped List iOS WidgetExtension */,
			);
		};
/* End PBXProject section */

/* Begin PBXResourcesBuildPhase section */
		94752CAC25C8A49D00AF9010 /* Resources */ = {
			isa = PBXResourcesBuildPhase;
			buildActionMask = 2147483647;
			files = (
				94752CB825C8A49E00AF9010 /* Assets.xcassets in Resources */,
			);
			runOnlyForDeploymentPostprocessing = 0;
		};
		94A37409254F7B120054AF56 /* Resources */ = {
			isa = PBXResourcesBuildPhase;
			buildActionMask = 2147483647;
			files = (
				94A37416254F7B150054AF56 /* Preview Assets.xcassets in Resources */,
				94A37413254F7B150054AF56 /* Assets.xcassets in Resources */,
			);
			runOnlyForDeploymentPostprocessing = 0;
		};
/* End PBXResourcesBuildPhase section */

/* Begin PBXSourcesBuildPhase section */
		94752CAA25C8A49D00AF9010 /* Sources */ = {
			isa = PBXSourcesBuildPhase;
			buildActionMask = 2147483647;
			files = (
				94752CB625C8A49D00AF9010 /* Hyped_List_iOS_Widget.swift in Sources */,
				94752CC625C8A6D900AF9010 /* DataController.swift in Sources */,
				94752CC325C8A61A00AF9010 /* HypedEvent.swift in Sources */,
			);
			runOnlyForDeploymentPostprocessing = 0;
		};
		94A37407254F7B120054AF56 /* Sources */ = {
			isa = PBXSourcesBuildPhase;
			buildActionMask = 2147483647;
			files = (
				94AE1EA2255C842700745352 /* HypedEventTileView.swift in Sources */,
				9402132F2550C148000C1F0D /* CreateHypedEventView.swift in Sources */,
				949BE1C025982643009083EC /* PastView.swift in Sources */,
				940213352550C7D5000C1F0D /* FormLabelView.swift in Sources */,
				940213322550C222000C1F0D /* HypedEvent.swift in Sources */,
				94EE184B25C23F830066AFF3 /* HypedEventDetailView.swift in Sources */,
				94AE1EA9255C957800745352 /* DataController.swift in Sources */,
				94D48D1D2552F5D90021DE0F /* ImagePicker.swift in Sources */,
				94A37411254F7B120054AF56 /* HypedListTabView.swift in Sources */,
				94A3740F254F7B120054AF56 /* Hyped_ListApp.swift in Sources */,
				945456B52598214200915268 /* HypedEventListView.swift in Sources */,
				94A37420254F7C4E0054AF56 /* UpcomingView.swift in Sources */,
				949BE1C525A121E3009083EC /* DiscoverView.swift in Sources */,
			);
			runOnlyForDeploymentPostprocessing = 0;
		};
/* End PBXSourcesBuildPhase section */

/* Begin PBXTargetDependency section */
		94752CBB25C8A49E00AF9010 /* PBXTargetDependency */ = {
			isa = PBXTargetDependency;
			target = 94752CAD25C8A49D00AF9010 /* Hyped List iOS WidgetExtension */;
			targetProxy = 94752CBA25C8A49E00AF9010 /* PBXContainerItemProxy */;
		};
/* End PBXTargetDependency section */

/* Begin XCBuildConfiguration section */
		94752CBE25C8A49E00AF9010 /* Debug */ = {
			isa = XCBuildConfiguration;
			buildSettings = {
				ASSETCATALOG_COMPILER_GLOBAL_ACCENT_COLOR_NAME = AccentColor;
				ASSETCATALOG_COMPILER_WIDGET_BACKGROUND_COLOR_NAME = WidgetBackground;
				CODE_SIGN_STYLE = Automatic;
				DEVELOPMENT_TEAM = 8X9PAUM4Y5;
				INFOPLIST_FILE = "Hyped List iOS Widget/Info.plist";
				IPHONEOS_DEPLOYMENT_TARGET = 14.4;
				LD_RUNPATH_SEARCH_PATHS = (
					"$(inherited)",
					"@executable_path/Frameworks",
					"@executable_path/../../Frameworks",
				);
				PRODUCT_BUNDLE_IDENTIFIER = "com.ryanspishock.Hyped-List.Hyped-List-iOS-Widget";
				PRODUCT_NAME = "$(TARGET_NAME)";
				SKIP_INSTALL = YES;
				SWIFT_VERSION = 5.0;
				TARGETED_DEVICE_FAMILY = "1,2";
			};
			name = Debug;
		};
		94752CBF25C8A49E00AF9010 /* Release */ = {
			isa = XCBuildConfiguration;
			buildSettings = {
				ASSETCATALOG_COMPILER_GLOBAL_ACCENT_COLOR_NAME = AccentColor;
				ASSETCATALOG_COMPILER_WIDGET_BACKGROUND_COLOR_NAME = WidgetBackground;
				CODE_SIGN_STYLE = Automatic;
				DEVELOPMENT_TEAM = 8X9PAUM4Y5;
				INFOPLIST_FILE = "Hyped List iOS Widget/Info.plist";
				IPHONEOS_DEPLOYMENT_TARGET = 14.4;
				LD_RUNPATH_SEARCH_PATHS = (
					"$(inherited)",
					"@executable_path/Frameworks",
					"@executable_path/../../Frameworks",
				);
				PRODUCT_BUNDLE_IDENTIFIER = "com.ryanspishock.Hyped-List.Hyped-List-iOS-Widget";
				PRODUCT_NAME = "$(TARGET_NAME)";
				SKIP_INSTALL = YES;
				SWIFT_VERSION = 5.0;
				TARGETED_DEVICE_FAMILY = "1,2";
			};
			name = Release;
		};
		94A37418254F7B150054AF56 /* Debug */ = {
			isa = XCBuildConfiguration;
			buildSettings = {
				ALWAYS_SEARCH_USER_PATHS = NO;
				CLANG_ANALYZER_NONNULL = YES;
				CLANG_ANALYZER_NUMBER_OBJECT_CONVERSION = YES_AGGRESSIVE;
				CLANG_CXX_LANGUAGE_STANDARD = "gnu++14";
				CLANG_CXX_LIBRARY = "libc++";
				CLANG_ENABLE_MODULES = YES;
				CLANG_ENABLE_OBJC_ARC = YES;
				CLANG_ENABLE_OBJC_WEAK = YES;
				CLANG_WARN_BLOCK_CAPTURE_AUTORELEASING = YES;
				CLANG_WARN_BOOL_CONVERSION = YES;
				CLANG_WARN_COMMA = YES;
				CLANG_WARN_CONSTANT_CONVERSION = YES;
				CLANG_WARN_DEPRECATED_OBJC_IMPLEMENTATIONS = YES;
				CLANG_WARN_DIRECT_OBJC_ISA_USAGE = YES_ERROR;
				CLANG_WARN_DOCUMENTATION_COMMENTS = YES;
				CLANG_WARN_EMPTY_BODY = YES;
				CLANG_WARN_ENUM_CONVERSION = YES;
				CLANG_WARN_INFINITE_RECURSION = YES;
				CLANG_WARN_INT_CONVERSION = YES;
				CLANG_WARN_NON_LITERAL_NULL_CONVERSION = YES;
				CLANG_WARN_OBJC_IMPLICIT_RETAIN_SELF = YES;
				CLANG_WARN_OBJC_LITERAL_CONVERSION = YES;
				CLANG_WARN_OBJC_ROOT_CLASS = YES_ERROR;
				CLANG_WARN_QUOTED_INCLUDE_IN_FRAMEWORK_HEADER = YES;
				CLANG_WARN_RANGE_LOOP_ANALYSIS = YES;
				CLANG_WARN_STRICT_PROTOTYPES = YES;
				CLANG_WARN_SUSPICIOUS_MOVE = YES;
				CLANG_WARN_UNGUARDED_AVAILABILITY = YES_AGGRESSIVE;
				CLANG_WARN_UNREACHABLE_CODE = YES;
				CLANG_WARN__DUPLICATE_METHOD_MATCH = YES;
				COPY_PHASE_STRIP = NO;
				DEBUG_INFORMATION_FORMAT = dwarf;
				ENABLE_STRICT_OBJC_MSGSEND = YES;
				ENABLE_TESTABILITY = YES;
				GCC_C_LANGUAGE_STANDARD = gnu11;
				GCC_DYNAMIC_NO_PIC = NO;
				GCC_NO_COMMON_BLOCKS = YES;
				GCC_OPTIMIZATION_LEVEL = 0;
				GCC_PREPROCESSOR_DEFINITIONS = (
					"DEBUG=1",
					"$(inherited)",
				);
				GCC_WARN_64_TO_32_BIT_CONVERSION = YES;
				GCC_WARN_ABOUT_RETURN_TYPE = YES_ERROR;
				GCC_WARN_UNDECLARED_SELECTOR = YES;
				GCC_WARN_UNINITIALIZED_AUTOS = YES_AGGRESSIVE;
				GCC_WARN_UNUSED_FUNCTION = YES;
				GCC_WARN_UNUSED_VARIABLE = YES;
				IPHONEOS_DEPLOYMENT_TARGET = 14.1;
				MTL_ENABLE_DEBUG_INFO = INCLUDE_SOURCE;
				MTL_FAST_MATH = YES;
				ONLY_ACTIVE_ARCH = YES;
				SDKROOT = iphoneos;
				SWIFT_ACTIVE_COMPILATION_CONDITIONS = DEBUG;
				SWIFT_OPTIMIZATION_LEVEL = "-Onone";
			};
			name = Debug;
		};
		94A37419254F7B150054AF56 /* Release */ = {
			isa = XCBuildConfiguration;
			buildSettings = {
				ALWAYS_SEARCH_USER_PATHS = NO;
				CLANG_ANALYZER_NONNULL = YES;
				CLANG_ANALYZER_NUMBER_OBJECT_CONVERSION = YES_AGGRESSIVE;
				CLANG_CXX_LANGUAGE_STANDARD = "gnu++14";
				CLANG_CXX_LIBRARY = "libc++";
				CLANG_ENABLE_MODULES = YES;
				CLANG_ENABLE_OBJC_ARC = YES;
				CLANG_ENABLE_OBJC_WEAK = YES;
				CLANG_WARN_BLOCK_CAPTURE_AUTORELEASING = YES;
				CLANG_WARN_BOOL_CONVERSION = YES;
				CLANG_WARN_COMMA = YES;
				CLANG_WARN_CONSTANT_CONVERSION = YES;
				CLANG_WARN_DEPRECATED_OBJC_IMPLEMENTATIONS = YES;
				CLANG_WARN_DIRECT_OBJC_ISA_USAGE = YES_ERROR;
				CLANG_WARN_DOCUMENTATION_COMMENTS = YES;
				CLANG_WARN_EMPTY_BODY = YES;
				CLANG_WARN_ENUM_CONVERSION = YES;
				CLANG_WARN_INFINITE_RECURSION = YES;
				CLANG_WARN_INT_CONVERSION = YES;
				CLANG_WARN_NON_LITERAL_NULL_CONVERSION = YES;
				CLANG_WARN_OBJC_IMPLICIT_RETAIN_SELF = YES;
				CLANG_WARN_OBJC_LITERAL_CONVERSION = YES;
				CLANG_WARN_OBJC_ROOT_CLASS = YES_ERROR;
				CLANG_WARN_QUOTED_INCLUDE_IN_FRAMEWORK_HEADER = YES;
				CLANG_WARN_RANGE_LOOP_ANALYSIS = YES;
				CLANG_WARN_STRICT_PROTOTYPES = YES;
				CLANG_WARN_SUSPICIOUS_MOVE = YES;
				CLANG_WARN_UNGUARDED_AVAILABILITY = YES_AGGRESSIVE;
				CLANG_WARN_UNREACHABLE_CODE = YES;
				CLANG_WARN__DUPLICATE_METHOD_MATCH = YES;
				COPY_PHASE_STRIP = NO;
				DEBUG_INFORMATION_FORMAT = "dwarf-with-dsym";
				ENABLE_NS_ASSERTIONS = NO;
				ENABLE_STRICT_OBJC_MSGSEND = YES;
				GCC_C_LANGUAGE_STANDARD = gnu11;
				GCC_NO_COMMON_BLOCKS = YES;
				GCC_WARN_64_TO_32_BIT_CONVERSION = YES;
				GCC_WARN_ABOUT_RETURN_TYPE = YES_ERROR;
				GCC_WARN_UNDECLARED_SELECTOR = YES;
				GCC_WARN_UNINITIALIZED_AUTOS = YES_AGGRESSIVE;
				GCC_WARN_UNUSED_FUNCTION = YES;
				GCC_WARN_UNUSED_VARIABLE = YES;
				IPHONEOS_DEPLOYMENT_TARGET = 14.1;
				MTL_ENABLE_DEBUG_INFO = NO;
				MTL_FAST_MATH = YES;
				SDKROOT = iphoneos;
				SWIFT_COMPILATION_MODE = wholemodule;
				SWIFT_OPTIMIZATION_LEVEL = "-O";
				VALIDATE_PRODUCT = YES;
			};
			name = Release;
		};
		94A3741B254F7B150054AF56 /* Debug */ = {
			isa = XCBuildConfiguration;
			buildSettings = {
				ALWAYS_EMBED_SWIFT_STANDARD_LIBRARIES = YES;
				ASSETCATALOG_COMPILER_APPICON_NAME = AppIcon;
				ASSETCATALOG_COMPILER_GLOBAL_ACCENT_COLOR_NAME = AccentColor;
				CODE_SIGN_STYLE = Automatic;
				DEVELOPMENT_ASSET_PATHS = "\"Hyped List/Preview Content\"";
				DEVELOPMENT_TEAM = 8X9PAUM4Y5;
				ENABLE_PREVIEWS = YES;
				INFOPLIST_FILE = "Hyped List/Info.plist";
				IPHONEOS_DEPLOYMENT_TARGET = 14.0;
				LD_RUNPATH_SEARCH_PATHS = (
					"$(inherited)",
					"@executable_path/Frameworks",
				);
				PRODUCT_BUNDLE_IDENTIFIER = "com.ryanspishock.Hyped-List";
				PRODUCT_NAME = "$(TARGET_NAME)";
				SWIFT_VERSION = 5.0;
				TARGETED_DEVICE_FAMILY = "1,2";
			};
			name = Debug;
		};
		94A3741C254F7B150054AF56 /* Release */ = {
			isa = XCBuildConfiguration;
			buildSettings = {
				ALWAYS_EMBED_SWIFT_STANDARD_LIBRARIES = YES;
				ASSETCATALOG_COMPILER_APPICON_NAME = AppIcon;
				ASSETCATALOG_COMPILER_GLOBAL_ACCENT_COLOR_NAME = AccentColor;
				CODE_SIGN_STYLE = Automatic;
				DEVELOPMENT_ASSET_PATHS = "\"Hyped List/Preview Content\"";
				DEVELOPMENT_TEAM = 8X9PAUM4Y5;
				ENABLE_PREVIEWS = YES;
				INFOPLIST_FILE = "Hyped List/Info.plist";
				IPHONEOS_DEPLOYMENT_TARGET = 14.0;
				LD_RUNPATH_SEARCH_PATHS = (
					"$(inherited)",
					"@executable_path/Frameworks",
				);
				PRODUCT_BUNDLE_IDENTIFIER = "com.ryanspishock.Hyped-List";
				PRODUCT_NAME = "$(TARGET_NAME)";
				SWIFT_VERSION = 5.0;
				TARGETED_DEVICE_FAMILY = "1,2";
			};
			name = Release;
		};
/* End XCBuildConfiguration section */

/* Begin XCConfigurationList section */
		94752CBD25C8A49E00AF9010 /* Build configuration list for PBXNativeTarget "Hyped List iOS WidgetExtension" */ = {
			isa = XCConfigurationList;
			buildConfigurations = (
				94752CBE25C8A49E00AF9010 /* Debug */,
				94752CBF25C8A49E00AF9010 /* Release */,
			);
			defaultConfigurationIsVisible = 0;
			defaultConfigurationName = Release;
		};
		94A37406254F7B120054AF56 /* Build configuration list for PBXProject "Hyped List" */ = {
			isa = XCConfigurationList;
			buildConfigurations = (
				94A37418254F7B150054AF56 /* Debug */,
				94A37419254F7B150054AF56 /* Release */,
			);
			defaultConfigurationIsVisible = 0;
			defaultConfigurationName = Release;
		};
		94A3741A254F7B150054AF56 /* Build configuration list for PBXNativeTarget "Hyped List iOS" */ = {
			isa = XCConfigurationList;
			buildConfigurations = (
				94A3741B254F7B150054AF56 /* Debug */,
				94A3741C254F7B150054AF56 /* Release */,
			);
			defaultConfigurationIsVisible = 0;
			defaultConfigurationName = Release;
		};
/* End XCConfigurationList section */

/* Begin XCRemoteSwiftPackageReference section */
		94460C6E256EEC8F00C74BF0 /* XCRemoteSwiftPackageReference "UIColor-Hex-Swift" */ = {
			isa = XCRemoteSwiftPackageReference;
			repositoryURL = "https://github.com/yeahdongcn/UIColor-Hex-Swift.git";
			requirement = {
				kind = upToNextMajorVersion;
				minimumVersion = 5.1.1;
			};
		};
		94AE1EA4255C936D00745352 /* XCRemoteSwiftPackageReference "SwiftDate" */ = {
			isa = XCRemoteSwiftPackageReference;
			repositoryURL = "https://github.com/malcommac/SwiftDate.git";
			requirement = {
				kind = upToNextMajorVersion;
				minimumVersion = 6.2.0;
			};
		};
/* End XCRemoteSwiftPackageReference section */

/* Begin XCSwiftPackageProductDependency section */
		94460C6F256EEC8F00C74BF0 /* UIColor_Hex_Swift */ = {
			isa = XCSwiftPackageProductDependency;
			package = 94460C6E256EEC8F00C74BF0 /* XCRemoteSwiftPackageReference "UIColor-Hex-Swift" */;
			productName = UIColor_Hex_Swift;
		};
		94752CC925C8A71B00AF9010 /* SwiftDate */ = {
			isa = XCSwiftPackageProductDependency;
			package = 94AE1EA4255C936D00745352 /* XCRemoteSwiftPackageReference "SwiftDate" */;
			productName = SwiftDate;
		};
		94752CCB25C8A71F00AF9010 /* UIColor_Hex_Swift */ = {
			isa = XCSwiftPackageProductDependency;
			package = 94460C6E256EEC8F00C74BF0 /* XCRemoteSwiftPackageReference "UIColor-Hex-Swift" */;
			productName = UIColor_Hex_Swift;
		};
		94AE1EA5255C936D00745352 /* SwiftDate */ = {
			isa = XCSwiftPackageProductDependency;
			package = 94AE1EA4255C936D00745352 /* XCRemoteSwiftPackageReference "SwiftDate" */;
			productName = SwiftDate;
		};
/* End XCSwiftPackageProductDependency section */
	};
	rootObject = 94A37403254F7B120054AF56 /* Project object */;
}
